
Microsoft Visual Studio Solution File, Format Version 12.00
# Visual Studio 14
VisualStudioVersion = 14.0.25420.1
MinimumVisualStudioVersion = 10.0.40219.1
Project("{FAE04EC0-301F-11D3-BF4B-00C04F79EFBC}") = "TabbedPageGrouping.Droid", "TabbedPageGrouping\TabbedPageGrouping.Droid\TabbedPageGrouping.Droid.csproj", "{E03174EB-4B4F-4535-87DF-D08BDD3F750E}"
EndProject
Project("{FAE04EC0-301F-11D3-BF4B-00C04F79EFBC}") = "TabbedPageGrouping", "TabbedPageGrouping\TabbedPageGrouping\TabbedPageGrouping.csproj", "{23DBC304-F11A-4741-9A23-ECEBCD5468EF}"
EndProject
Project("{FAE04EC0-301F-11D3-BF4B-00C04F79EFBC}") = "TabbedPageGrouping.WinPhone", "TabbedPageGrouping\TabbedPageGrouping.WinPhone\TabbedPageGrouping.WinPhone.csproj", "{CAD374FD-11E4-4155-A759-351EC14C9236}"
EndProject
Project("{FAE04EC0-301F-11D3-BF4B-00C04F79EFBC}") = "TabbedPageGrouping.UWP", "TabbedPageGrouping\TabbedPageGrouping.UWP\TabbedPageGrouping.UWP.csproj", "{8A0D0318-5875-4271-9878-9555A58B2E65}"
EndProject
Project("{FAE04EC0-301F-11D3-BF4B-00C04F79EFBC}") = "TabbedPageGrouping.iOS", "TabbedPageGrouping\TabbedPageGrouping.iOS\TabbedPageGrouping.iOS.csproj", "{C000B231-E9F6-4FB4-BF26-306437910307}"
EndProject
Project("{FAE04EC0-301F-11D3-BF4B-00C04F79EFBC}") = "TabbedPageGrouping.Windows", "TabbedPageGrouping\TabbedPageGrouping.Windows\TabbedPageGrouping.Windows.csproj", "{86EC96D4-DAD2-4BF7-B124-F7A9701F5189}"
EndProject
Global
	GlobalSection(SolutionConfigurationPlatforms) = preSolution
		Ad-Hoc|Any CPU = Ad-Hoc|Any CPU
		Ad-Hoc|ARM = Ad-Hoc|ARM
		Ad-Hoc|iPhone = Ad-Hoc|iPhone
		Ad-Hoc|iPhoneSimulator = Ad-Hoc|iPhoneSimulator
		Ad-Hoc|x64 = Ad-Hoc|x64
		Ad-Hoc|x86 = Ad-Hoc|x86
		AppStore|Any CPU = AppStore|Any CPU
		AppStore|ARM = AppStore|ARM
		AppStore|iPhone = AppStore|iPhone
		AppStore|iPhoneSimulator = AppStore|iPhoneSimulator
		AppStore|x64 = AppStore|x64
		AppStore|x86 = AppStore|x86
		Debug|Any CPU = Debug|Any CPU
		Debug|ARM = Debug|ARM
		Debug|iPhone = Debug|iPhone
		Debug|iPhoneSimulator = Debug|iPhoneSimulator
		Debug|x64 = Debug|x64
		Debug|x86 = Debug|x86
		Release|Any CPU = Release|Any CPU
		Release|ARM = Release|ARM
		Release|iPhone = Release|iPhone
		Release|iPhoneSimulator = Release|iPhoneSimulator
		Release|x64 = Release|x64
		Release|x86 = Release|x86
	EndGlobalSection
	GlobalSection(ProjectConfigurationPlatforms) = postSolution
		{E03174EB-4B4F-4535-87DF-D08BDD3F750E}.Ad-Hoc|Any CPU.ActiveCfg = Release|Any CPU
		{E03174EB-4B4F-4535-87DF-D08BDD3F750E}.Ad-Hoc|Any CPU.Build.0 = Release|Any CPU
		{E03174EB-4B4F-4535-87DF-D08BDD3F750E}.Ad-Hoc|Any CPU.Deploy.0 = Release|Any CPU
		{E03174EB-4B4F-4535-87DF-D08BDD3F750E}.Ad-Hoc|ARM.ActiveCfg = Release|Any CPU
		{E03174EB-4B4F-4535-87DF-D08BDD3F750E}.Ad-Hoc|ARM.Build.0 = Release|Any CPU
		{E03174EB-4B4F-4535-87DF-D08BDD3F750E}.Ad-Hoc|ARM.Deploy.0 = Release|Any CPU
		{E03174EB-4B4F-4535-87DF-D08BDD3F750E}.Ad-Hoc|iPhone.ActiveCfg = Release|Any CPU
		{E03174EB-4B4F-4535-87DF-D08BDD3F750E}.Ad-Hoc|iPhone.Build.0 = Release|Any CPU
		{E03174EB-4B4F-4535-87DF-D08BDD3F750E}.Ad-Hoc|iPhone.Deploy.0 = Release|Any CPU
		{E03174EB-4B4F-4535-87DF-D08BDD3F750E}.Ad-Hoc|iPhoneSimulator.ActiveCfg = Release|Any CPU
		{E03174EB-4B4F-4535-87DF-D08BDD3F750E}.Ad-Hoc|iPhoneSimulator.Build.0 = Release|Any CPU
		{E03174EB-4B4F-4535-87DF-D08BDD3F750E}.Ad-Hoc|iPhoneSimulator.Deploy.0 = Release|Any CPU
		{E03174EB-4B4F-4535-87DF-D08BDD3F750E}.Ad-Hoc|x64.ActiveCfg = Release|Any CPU
		{E03174EB-4B4F-4535-87DF-D08BDD3F750E}.Ad-Hoc|x64.Build.0 = Release|Any CPU
		{E03174EB-4B4F-4535-87DF-D08BDD3F750E}.Ad-Hoc|x64.Deploy.0 = Release|Any CPU
		{E03174EB-4B4F-4535-87DF-D08BDD3F750E}.Ad-Hoc|x86.ActiveCfg = Release|Any CPU
		{E03174EB-4B4F-4535-87DF-D08BDD3F750E}.Ad-Hoc|x86.Build.0 = Release|Any CPU
		{E03174EB-4B4F-4535-87DF-D08BDD3F750E}.Ad-Hoc|x86.Deploy.0 = Release|Any CPU
		{E03174EB-4B4F-4535-87DF-D08BDD3F750E}.AppStore|Any CPU.ActiveCfg = Release|Any CPU
		{E03174EB-4B4F-4535-87DF-D08BDD3F750E}.AppStore|Any CPU.Build.0 = Release|Any CPU
		{E03174EB-4B4F-4535-87DF-D08BDD3F750E}.AppStore|Any CPU.Deploy.0 = Release|Any CPU
		{E03174EB-4B4F-4535-87DF-D08BDD3F750E}.AppStore|ARM.ActiveCfg = Release|Any CPU
		{E03174EB-4B4F-4535-87DF-D08BDD3F750E}.AppStore|ARM.Build.0 = Release|Any CPU
		{E03174EB-4B4F-4535-87DF-D08BDD3F750E}.AppStore|ARM.Deploy.0 = Release|Any CPU
		{E03174EB-4B4F-4535-87DF-D08BDD3F750E}.AppStore|iPhone.ActiveCfg = Release|Any CPU
		{E03174EB-4B4F-4535-87DF-D08BDD3F750E}.AppStore|iPhone.Build.0 = Release|Any CPU
		{E03174EB-4B4F-4535-87DF-D08BDD3F750E}.AppStore|iPhone.Deploy.0 = Release|Any CPU
		{E03174EB-4B4F-4535-87DF-D08BDD3F750E}.AppStore|iPhoneSimulator.ActiveCfg = Release|Any CPU
		{E03174EB-4B4F-4535-87DF-D08BDD3F750E}.AppStore|iPhoneSimulator.Build.0 = Release|Any CPU
		{E03174EB-4B4F-4535-87DF-D08BDD3F750E}.AppStore|iPhoneSimulator.Deploy.0 = Release|Any CPU
		{E03174EB-4B4F-4535-87DF-D08BDD3F750E}.AppStore|x64.ActiveCfg = Release|Any CPU
		{E03174EB-4B4F-4535-87DF-D08BDD3F750E}.AppStore|x64.Build.0 = Release|Any CPU
		{E03174EB-4B4F-4535-87DF-D08BDD3F750E}.AppStore|x64.Deploy.0 = Release|Any CPU
		{E03174EB-4B4F-4535-87DF-D08BDD3F750E}.AppStore|x86.ActiveCfg = Release|Any CPU
		{E03174EB-4B4F-4535-87DF-D08BDD3F750E}.AppStore|x86.Build.0 = Release|Any CPU
		{E03174EB-4B4F-4535-87DF-D08BDD3F750E}.AppStore|x86.Deploy.0 = Release|Any CPU
		{E03174EB-4B4F-4535-87DF-D08BDD3F750E}.Debug|Any CPU.ActiveCfg = Debug|Any CPU
		{E03174EB-4B4F-4535-87DF-D08BDD3F750E}.Debug|Any CPU.Build.0 = Debug|Any CPU
		{E03174EB-4B4F-4535-87DF-D08BDD3F750E}.Debug|Any CPU.Deploy.0 = Debug|Any CPU
		{E03174EB-4B4F-4535-87DF-D08BDD3F750E}.Debug|ARM.ActiveCfg = Debug|Any CPU
		{E03174EB-4B4F-4535-87DF-D08BDD3F750E}.Debug|ARM.Build.0 = Debug|Any CPU
		{E03174EB-4B4F-4535-87DF-D08BDD3F750E}.Debug|ARM.Deploy.0 = Debug|Any CPU
		{E03174EB-4B4F-4535-87DF-D08BDD3F750E}.Debug|iPhone.ActiveCfg = Debug|Any CPU
		{E03174EB-4B4F-4535-87DF-D08BDD3F750E}.Debug|iPhone.Build.0 = Debug|Any CPU
		{E03174EB-4B4F-4535-87DF-D08BDD3F750E}.Debug|iPhone.Deploy.0 = Debug|Any CPU
		{E03174EB-4B4F-4535-87DF-D08BDD3F750E}.Debug|iPhoneSimulator.ActiveCfg = Debug|Any CPU
		{E03174EB-4B4F-4535-87DF-D08BDD3F750E}.Debug|iPhoneSimulator.Build.0 = Debug|Any CPU
		{E03174EB-4B4F-4535-87DF-D08BDD3F750E}.Debug|iPhoneSimulator.Deploy.0 = Debug|Any CPU
		{E03174EB-4B4F-4535-87DF-D08BDD3F750E}.Debug|x64.ActiveCfg = Debug|Any CPU
		{E03174EB-4B4F-4535-87DF-D08BDD3F750E}.Debug|x64.Build.0 = Debug|Any CPU
		{E03174EB-4B4F-4535-87DF-D08BDD3F750E}.Debug|x64.Deploy.0 = Debug|Any CPU
		{E03174EB-4B4F-4535-87DF-D08BDD3F750E}.Debug|x86.ActiveCfg = Debug|Any CPU
		{E03174EB-4B4F-4535-87DF-D08BDD3F750E}.Debug|x86.Build.0 = Debug|Any CPU
		{E03174EB-4B4F-4535-87DF-D08BDD3F750E}.Debug|x86.Deploy.0 = Debug|Any CPU
		{E03174EB-4B4F-4535-87DF-D08BDD3F750E}.Release|Any CPU.ActiveCfg = Release|Any CPU
		{E03174EB-4B4F-4535-87DF-D08BDD3F750E}.Release|Any CPU.Build.0 = Release|Any CPU
		{E03174EB-4B4F-4535-87DF-D08BDD3F750E}.Release|Any CPU.Deploy.0 = Release|Any CPU
		{E03174EB-4B4F-4535-87DF-D08BDD3F750E}.Release|ARM.ActiveCfg = Release|Any CPU
		{E03174EB-4B4F-4535-87DF-D08BDD3F750E}.Release|ARM.Build.0 = Release|Any CPU
		{E03174EB-4B4F-4535-87DF-D08BDD3F750E}.Release|ARM.Deploy.0 = Release|Any CPU
		{E03174EB-4B4F-4535-87DF-D08BDD3F750E}.Release|iPhone.ActiveCfg = Release|Any CPU
		{E03174EB-4B4F-4535-87DF-D08BDD3F750E}.Release|iPhone.Build.0 = Release|Any CPU
		{E03174EB-4B4F-4535-87DF-D08BDD3F750E}.Release|iPhone.Deploy.0 = Release|Any CPU
		{E03174EB-4B4F-4535-87DF-D08BDD3F750E}.Release|iPhoneSimulator.ActiveCfg = Release|Any CPU
		{E03174EB-4B4F-4535-87DF-D08BDD3F750E}.Release|iPhoneSimulator.Build.0 = Release|Any CPU
		{E03174EB-4B4F-4535-87DF-D08BDD3F750E}.Release|iPhoneSimulator.Deploy.0 = Release|Any CPU
		{E03174EB-4B4F-4535-87DF-D08BDD3F750E}.Release|x64.ActiveCfg = Release|Any CPU
		{E03174EB-4B4F-4535-87DF-D08BDD3F750E}.Release|x64.Build.0 = Release|Any CPU
		{E03174EB-4B4F-4535-87DF-D08BDD3F750E}.Release|x64.Deploy.0 = Release|Any CPU
		{E03174EB-4B4F-4535-87DF-D08BDD3F750E}.Release|x86.ActiveCfg = Release|Any CPU
		{E03174EB-4B4F-4535-87DF-D08BDD3F750E}.Release|x86.Build.0 = Release|Any CPU
		{E03174EB-4B4F-4535-87DF-D08BDD3F750E}.Release|x86.Deploy.0 = Release|Any CPU
		{23DBC304-F11A-4741-9A23-ECEBCD5468EF}.Ad-Hoc|Any CPU.ActiveCfg = Release|Any CPU
		{23DBC304-F11A-4741-9A23-ECEBCD5468EF}.Ad-Hoc|Any CPU.Build.0 = Release|Any CPU
		{23DBC304-F11A-4741-9A23-ECEBCD5468EF}.Ad-Hoc|ARM.ActiveCfg = Release|Any CPU
		{23DBC304-F11A-4741-9A23-ECEBCD5468EF}.Ad-Hoc|ARM.Build.0 = Release|Any CPU
		{23DBC304-F11A-4741-9A23-ECEBCD5468EF}.Ad-Hoc|iPhone.ActiveCfg = Release|Any CPU
		{23DBC304-F11A-4741-9A23-ECEBCD5468EF}.Ad-Hoc|iPhone.Build.0 = Release|Any CPU
		{23DBC304-F11A-4741-9A23-ECEBCD5468EF}.Ad-Hoc|iPhoneSimulator.ActiveCfg = Release|Any CPU
		{23DBC304-F11A-4741-9A23-ECEBCD5468EF}.Ad-Hoc|iPhoneSimulator.Build.0 = Release|Any CPU
		{23DBC304-F11A-4741-9A23-ECEBCD5468EF}.Ad-Hoc|x64.ActiveCfg = Release|Any CPU
		{23DBC304-F11A-4741-9A23-ECEBCD5468EF}.Ad-Hoc|x64.Build.0 = Release|Any CPU
		{23DBC304-F11A-4741-9A23-ECEBCD5468EF}.Ad-Hoc|x86.ActiveCfg = Release|Any CPU
		{23DBC304-F11A-4741-9A23-ECEBCD5468EF}.Ad-Hoc|x86.Build.0 = Release|Any CPU
		{23DBC304-F11A-4741-9A23-ECEBCD5468EF}.AppStore|Any CPU.ActiveCfg = Release|Any CPU
		{23DBC304-F11A-4741-9A23-ECEBCD5468EF}.AppStore|Any CPU.Build.0 = Release|Any CPU
		{23DBC304-F11A-4741-9A23-ECEBCD5468EF}.AppStore|ARM.ActiveCfg = Release|Any CPU
		{23DBC304-F11A-4741-9A23-ECEBCD5468EF}.AppStore|ARM.Build.0 = Release|Any CPU
		{23DBC304-F11A-4741-9A23-ECEBCD5468EF}.AppStore|iPhone.ActiveCfg = Release|Any CPU
		{23DBC304-F11A-4741-9A23-ECEBCD5468EF}.AppStore|iPhone.Build.0 = Release|Any CPU
		{23DBC304-F11A-4741-9A23-ECEBCD5468EF}.AppStore|iPhoneSimulator.ActiveCfg = Release|Any CPU
		{23DBC304-F11A-4741-9A23-ECEBCD5468EF}.AppStore|iPhoneSimulator.Build.0 = Release|Any CPU
		{23DBC304-F11A-4741-9A23-ECEBCD5468EF}.AppStore|x64.ActiveCfg = Release|Any CPU
		{23DBC304-F11A-4741-9A23-ECEBCD5468EF}.AppStore|x64.Build.0 = Release|Any CPU
		{23DBC304-F11A-4741-9A23-ECEBCD5468EF}.AppStore|x86.ActiveCfg = Release|Any CPU
		{23DBC304-F11A-4741-9A23-ECEBCD5468EF}.AppStore|x86.Build.0 = Release|Any CPU
		{23DBC304-F11A-4741-9A23-ECEBCD5468EF}.Debug|Any CPU.ActiveCfg = Debug|Any CPU
		{23DBC304-F11A-4741-9A23-ECEBCD5468EF}.Debug|Any CPU.Build.0 = Debug|Any CPU
		{23DBC304-F11A-4741-9A23-ECEBCD5468EF}.Debug|ARM.ActiveCfg = Debug|Any CPU
		{23DBC304-F11A-4741-9A23-ECEBCD5468EF}.Debug|ARM.Build.0 = Debug|Any CPU
		{23DBC304-F11A-4741-9A23-ECEBCD5468EF}.Debug|iPhone.ActiveCfg = Debug|Any CPU
		{23DBC304-F11A-4741-9A23-ECEBCD5468EF}.Debug|iPhone.Build.0 = Debug|Any CPU
		{23DBC304-F11A-4741-9A23-ECEBCD5468EF}.Debug|iPhoneSimulator.ActiveCfg = Debug|Any CPU
		{23DBC304-F11A-4741-9A23-ECEBCD5468EF}.Debug|iPhoneSimulator.Build.0 = Debug|Any CPU
		{23DBC304-F11A-4741-9A23-ECEBCD5468EF}.Debug|x64.ActiveCfg = Debug|Any CPU
		{23DBC304-F11A-4741-9A23-ECEBCD5468EF}.Debug|x64.Build.0 = Debug|Any CPU
		{23DBC304-F11A-4741-9A23-ECEBCD5468EF}.Debug|x86.ActiveCfg = Debug|Any CPU
		{23DBC304-F11A-4741-9A23-ECEBCD5468EF}.Debug|x86.Build.0 = Debug|Any CPU
		{23DBC304-F11A-4741-9A23-ECEBCD5468EF}.Release|Any CPU.ActiveCfg = Release|Any CPU
		{23DBC304-F11A-4741-9A23-ECEBCD5468EF}.Release|Any CPU.Build.0 = Release|Any CPU
		{23DBC304-F11A-4741-9A23-ECEBCD5468EF}.Release|ARM.ActiveCfg = Release|Any CPU
		{23DBC304-F11A-4741-9A23-ECEBCD5468EF}.Release|ARM.Build.0 = Release|Any CPU
		{23DBC304-F11A-4741-9A23-ECEBCD5468EF}.Release|iPhone.ActiveCfg = Release|Any CPU
		{23DBC304-F11A-4741-9A23-ECEBCD5468EF}.Release|iPhone.Build.0 = Release|Any CPU
		{23DBC304-F11A-4741-9A23-ECEBCD5468EF}.Release|iPhoneSimulator.ActiveCfg = Release|Any CPU
		{23DBC304-F11A-4741-9A23-ECEBCD5468EF}.Release|iPhoneSimulator.Build.0 = Release|Any CPU
		{23DBC304-F11A-4741-9A23-ECEBCD5468EF}.Release|x64.ActiveCfg = Release|Any CPU
		{23DBC304-F11A-4741-9A23-ECEBCD5468EF}.Release|x64.Build.0 = Release|Any CPU
		{23DBC304-F11A-4741-9A23-ECEBCD5468EF}.Release|x86.ActiveCfg = Release|Any CPU
		{23DBC304-F11A-4741-9A23-ECEBCD5468EF}.Release|x86.Build.0 = Release|Any CPU
		{CAD374FD-11E4-4155-A759-351EC14C9236}.Ad-Hoc|Any CPU.ActiveCfg = Release|Any CPU
		{CAD374FD-11E4-4155-A759-351EC14C9236}.Ad-Hoc|Any CPU.Build.0 = Release|Any CPU
		{CAD374FD-11E4-4155-A759-351EC14C9236}.Ad-Hoc|Any CPU.Deploy.0 = Release|Any CPU
		{CAD374FD-11E4-4155-A759-351EC14C9236}.Ad-Hoc|ARM.ActiveCfg = Release|ARM
		{CAD374FD-11E4-4155-A759-351EC14C9236}.Ad-Hoc|ARM.Build.0 = Release|ARM
		{CAD374FD-11E4-4155-A759-351EC14C9236}.Ad-Hoc|ARM.Deploy.0 = Release|ARM
		{CAD374FD-11E4-4155-A759-351EC14C9236}.Ad-Hoc|iPhone.ActiveCfg = Release|Any CPU
		{CAD374FD-11E4-4155-A759-351EC14C9236}.Ad-Hoc|iPhone.Build.0 = Release|Any CPU
		{CAD374FD-11E4-4155-A759-351EC14C9236}.Ad-Hoc|iPhone.Deploy.0 = Release|Any CPU
		{CAD374FD-11E4-4155-A759-351EC14C9236}.Ad-Hoc|iPhoneSimulator.ActiveCfg = Release|Any CPU
		{CAD374FD-11E4-4155-A759-351EC14C9236}.Ad-Hoc|iPhoneSimulator.Build.0 = Release|Any CPU
		{CAD374FD-11E4-4155-A759-351EC14C9236}.Ad-Hoc|iPhoneSimulator.Deploy.0 = Release|Any CPU
		{CAD374FD-11E4-4155-A759-351EC14C9236}.Ad-Hoc|x64.ActiveCfg = Release|Any CPU
		{CAD374FD-11E4-4155-A759-351EC14C9236}.Ad-Hoc|x64.Build.0 = Release|Any CPU
		{CAD374FD-11E4-4155-A759-351EC14C9236}.Ad-Hoc|x64.Deploy.0 = Release|Any CPU
		{CAD374FD-11E4-4155-A759-351EC14C9236}.Ad-Hoc|x86.ActiveCfg = Release|x86
		{CAD374FD-11E4-4155-A759-351EC14C9236}.Ad-Hoc|x86.Build.0 = Release|x86
		{CAD374FD-11E4-4155-A759-351EC14C9236}.Ad-Hoc|x86.Deploy.0 = Release|x86
		{CAD374FD-11E4-4155-A759-351EC14C9236}.AppStore|Any CPU.ActiveCfg = Release|Any CPU
		{CAD374FD-11E4-4155-A759-351EC14C9236}.AppStore|Any CPU.Build.0 = Release|Any CPU
		{CAD374FD-11E4-4155-A759-351EC14C9236}.AppStore|Any CPU.Deploy.0 = Release|Any CPU
		{CAD374FD-11E4-4155-A759-351EC14C9236}.AppStore|ARM.ActiveCfg = Release|ARM
		{CAD374FD-11E4-4155-A759-351EC14C9236}.AppStore|ARM.Build.0 = Release|ARM
		{CAD374FD-11E4-4155-A759-351EC14C9236}.AppStore|ARM.Deploy.0 = Release|ARM
		{CAD374FD-11E4-4155-A759-351EC14C9236}.AppStore|iPhone.ActiveCfg = Release|Any CPU
		{CAD374FD-11E4-4155-A759-351EC14C9236}.AppStore|iPhone.Build.0 = Release|Any CPU
		{CAD374FD-11E4-4155-A759-351EC14C9236}.AppStore|iPhone.Deploy.0 = Release|Any CPU
		{CAD374FD-11E4-4155-A759-351EC14C9236}.AppStore|iPhoneSimulator.ActiveCfg = Release|Any CPU
		{CAD374FD-11E4-4155-A759-351EC14C9236}.AppStore|iPhoneSimulator.Build.0 = Release|Any CPU
		{CAD374FD-11E4-4155-A759-351EC14C9236}.AppStore|iPhoneSimulator.Deploy.0 = Release|Any CPU
		{CAD374FD-11E4-4155-A759-351EC14C9236}.AppStore|x64.ActiveCfg = Release|Any CPU
		{CAD374FD-11E4-4155-A759-351EC14C9236}.AppStore|x64.Build.0 = Release|Any CPU
		{CAD374FD-11E4-4155-A759-351EC14C9236}.AppStore|x64.Deploy.0 = Release|Any CPU
		{CAD374FD-11E4-4155-A759-351EC14C9236}.AppStore|x86.ActiveCfg = Release|x86
		{CAD374FD-11E4-4155-A759-351EC14C9236}.AppStore|x86.Build.0 = Release|x86
		{CAD374FD-11E4-4155-A759-351EC14C9236}.AppStore|x86.Deploy.0 = Release|x86
		{CAD374FD-11E4-4155-A759-351EC14C9236}.Debug|Any CPU.ActiveCfg = Debug|Any CPU
		{CAD374FD-11E4-4155-A759-351EC14C9236}.Debug|Any CPU.Build.0 = Debug|Any CPU
		{CAD374FD-11E4-4155-A759-351EC14C9236}.Debug|Any CPU.Deploy.0 = Debug|Any CPU
		{CAD374FD-11E4-4155-A759-351EC14C9236}.Debug|ARM.ActiveCfg = Debug|ARM
		{CAD374FD-11E4-4155-A759-351EC14C9236}.Debug|ARM.Build.0 = Debug|ARM
		{CAD374FD-11E4-4155-A759-351EC14C9236}.Debug|ARM.Deploy.0 = Debug|ARM
		{CAD374FD-11E4-4155-A759-351EC14C9236}.Debug|iPhone.ActiveCfg = Debug|Any CPU
		{CAD374FD-11E4-4155-A759-351EC14C9236}.Debug|iPhone.Build.0 = Debug|Any CPU
		{CAD374FD-11E4-4155-A759-351EC14C9236}.Debug|iPhone.Deploy.0 = Debug|Any CPU
		{CAD374FD-11E4-4155-A759-351EC14C9236}.Debug|iPhoneSimulator.ActiveCfg = Debug|Any CPU
		{CAD374FD-11E4-4155-A759-351EC14C9236}.Debug|iPhoneSimulator.Build.0 = Debug|Any CPU
		{CAD374FD-11E4-4155-A759-351EC14C9236}.Debug|iPhoneSimulator.Deploy.0 = Debug|Any CPU
		{CAD374FD-11E4-4155-A759-351EC14C9236}.Debug|x64.ActiveCfg = Debug|Any CPU
		{CAD374FD-11E4-4155-A759-351EC14C9236}.Debug|x64.Build.0 = Debug|Any CPU
		{CAD374FD-11E4-4155-A759-351EC14C9236}.Debug|x64.Deploy.0 = Debug|Any CPU
		{CAD374FD-11E4-4155-A759-351EC14C9236}.Debug|x86.ActiveCfg = Debug|x86
		{CAD374FD-11E4-4155-A759-351EC14C9236}.Debug|x86.Build.0 = Debug|x86
		{CAD374FD-11E4-4155-A759-351EC14C9236}.Debug|x86.Deploy.0 = Debug|x86
		{CAD374FD-11E4-4155-A759-351EC14C9236}.Release|Any CPU.ActiveCfg = Release|Any CPU
		{CAD374FD-11E4-4155-A759-351EC14C9236}.Release|Any CPU.Build.0 = Release|Any CPU
		{CAD374FD-11E4-4155-A759-351EC14C9236}.Release|Any CPU.Deploy.0 = Release|Any CPU
		{CAD374FD-11E4-4155-A759-351EC14C9236}.Release|ARM.ActiveCfg = Release|ARM
		{CAD374FD-11E4-4155-A759-351EC14C9236}.Release|ARM.Build.0 = Release|ARM
		{CAD374FD-11E4-4155-A759-351EC14C9236}.Release|ARM.Deploy.0 = Release|ARM
		{CAD374FD-11E4-4155-A759-351EC14C9236}.Release|iPhone.ActiveCfg = Release|Any CPU
		{CAD374FD-11E4-4155-A759-351EC14C9236}.Release|iPhone.Build.0 = Release|Any CPU
		{CAD374FD-11E4-4155-A759-351EC14C9236}.Release|iPhone.Deploy.0 = Release|Any CPU
		{CAD374FD-11E4-4155-A759-351EC14C9236}.Release|iPhoneSimulator.ActiveCfg = Release|Any CPU
		{CAD374FD-11E4-4155-A759-351EC14C9236}.Release|iPhoneSimulator.Build.0 = Release|Any CPU
		{CAD374FD-11E4-4155-A759-351EC14C9236}.Release|iPhoneSimulator.Deploy.0 = Release|Any CPU
		{CAD374FD-11E4-4155-A759-351EC14C9236}.Release|x64.ActiveCfg = Release|Any CPU
		{CAD374FD-11E4-4155-A759-351EC14C9236}.Release|x64.Build.0 = Release|Any CPU
		{CAD374FD-11E4-4155-A759-351EC14C9236}.Release|x64.Deploy.0 = Release|Any CPU
		{CAD374FD-11E4-4155-A759-351EC14C9236}.Release|x86.ActiveCfg = Release|x86
		{CAD374FD-11E4-4155-A759-351EC14C9236}.Release|x86.Build.0 = Release|x86
		{CAD374FD-11E4-4155-A759-351EC14C9236}.Release|x86.Deploy.0 = Release|x86
		{8A0D0318-5875-4271-9878-9555A58B2E65}.Ad-Hoc|Any CPU.ActiveCfg = Release|x86
		{8A0D0318-5875-4271-9878-9555A58B2E65}.Ad-Hoc|Any CPU.Build.0 = Release|x86
		{8A0D0318-5875-4271-9878-9555A58B2E65}.Ad-Hoc|Any CPU.Deploy.0 = Release|x86
		{8A0D0318-5875-4271-9878-9555A58B2E65}.Ad-Hoc|ARM.ActiveCfg = Release|ARM
		{8A0D0318-5875-4271-9878-9555A58B2E65}.Ad-Hoc|ARM.Build.0 = Release|ARM
		{8A0D0318-5875-4271-9878-9555A58B2E65}.Ad-Hoc|ARM.Deploy.0 = Release|ARM
		{8A0D0318-5875-4271-9878-9555A58B2E65}.Ad-Hoc|iPhone.ActiveCfg = Release|x86
		{8A0D0318-5875-4271-9878-9555A58B2E65}.Ad-Hoc|iPhone.Build.0 = Release|x86
		{8A0D0318-5875-4271-9878-9555A58B2E65}.Ad-Hoc|iPhone.Deploy.0 = Release|x86
		{8A0D0318-5875-4271-9878-9555A58B2E65}.Ad-Hoc|iPhoneSimulator.ActiveCfg = Release|x86
		{8A0D0318-5875-4271-9878-9555A58B2E65}.Ad-Hoc|iPhoneSimulator.Build.0 = Release|x86
		{8A0D0318-5875-4271-9878-9555A58B2E65}.Ad-Hoc|iPhoneSimulator.Deploy.0 = Release|x86
		{8A0D0318-5875-4271-9878-9555A58B2E65}.Ad-Hoc|x64.ActiveCfg = Release|x64
		{8A0D0318-5875-4271-9878-9555A58B2E65}.Ad-Hoc|x64.Build.0 = Release|x64
		{8A0D0318-5875-4271-9878-9555A58B2E65}.Ad-Hoc|x64.Deploy.0 = Release|x64
		{8A0D0318-5875-4271-9878-9555A58B2E65}.Ad-Hoc|x86.ActiveCfg = Release|x86
		{8A0D0318-5875-4271-9878-9555A58B2E65}.Ad-Hoc|x86.Build.0 = Release|x86
		{8A0D0318-5875-4271-9878-9555A58B2E65}.Ad-Hoc|x86.Deploy.0 = Release|x86
		{8A0D0318-5875-4271-9878-9555A58B2E65}.AppStore|Any CPU.ActiveCfg = Release|x86
		{8A0D0318-5875-4271-9878-9555A58B2E65}.AppStore|Any CPU.Build.0 = Release|x86
		{8A0D0318-5875-4271-9878-9555A58B2E65}.AppStore|Any CPU.Deploy.0 = Release|x86
		{8A0D0318-5875-4271-9878-9555A58B2E65}.AppStore|ARM.ActiveCfg = Release|ARM
		{8A0D0318-5875-4271-9878-9555A58B2E65}.AppStore|ARM.Build.0 = Release|ARM
		{8A0D0318-5875-4271-9878-9555A58B2E65}.AppStore|ARM.Deploy.0 = Release|ARM
		{8A0D0318-5875-4271-9878-9555A58B2E65}.AppStore|iPhone.ActiveCfg = Release|x86
		{8A0D0318-5875-4271-9878-9555A58B2E65}.AppStore|iPhone.Build.0 = Release|x86
		{8A0D0318-5875-4271-9878-9555A58B2E65}.AppStore|iPhone.Deploy.0 = Release|x86
		{8A0D0318-5875-4271-9878-9555A58B2E65}.AppStore|iPhoneSimulator.ActiveCfg = Release|x86
		{8A0D0318-5875-4271-9878-9555A58B2E65}.AppStore|iPhoneSimulator.Build.0 = Release|x86
		{8A0D0318-5875-4271-9878-9555A58B2E65}.AppStore|iPhoneSimulator.Deploy.0 = Release|x86
		{8A0D0318-5875-4271-9878-9555A58B2E65}.AppStore|x64.ActiveCfg = Release|x64
		{8A0D0318-5875-4271-9878-9555A58B2E65}.AppStore|x64.Build.0 = Release|x64
		{8A0D0318-5875-4271-9878-9555A58B2E65}.AppStore|x64.Deploy.0 = Release|x64
		{8A0D0318-5875-4271-9878-9555A58B2E65}.AppStore|x86.ActiveCfg = Release|x86
		{8A0D0318-5875-4271-9878-9555A58B2E65}.AppStore|x86.Build.0 = Release|x86
		{8A0D0318-5875-4271-9878-9555A58B2E65}.AppStore|x86.Deploy.0 = Release|x86
		{8A0D0318-5875-4271-9878-9555A58B2E65}.Debug|Any CPU.ActiveCfg = Debug|x86
		{8A0D0318-5875-4271-9878-9555A58B2E65}.Debug|ARM.ActiveCfg = Debug|ARM
		{8A0D0318-5875-4271-9878-9555A58B2E65}.Debug|ARM.Build.0 = Debug|ARM
		{8A0D0318-5875-4271-9878-9555A58B2E65}.Debug|ARM.Deploy.0 = Debug|ARM
		{8A0D0318-5875-4271-9878-9555A58B2E65}.Debug|iPhone.ActiveCfg = Debug|x86
		{8A0D0318-5875-4271-9878-9555A58B2E65}.Debug|iPhoneSimulator.ActiveCfg = Debug|x86
		{8A0D0318-5875-4271-9878-9555A58B2E65}.Debug|x64.ActiveCfg = Debug|x64
		{8A0D0318-5875-4271-9878-9555A58B2E65}.Debug|x64.Build.0 = Debug|x64
		{8A0D0318-5875-4271-9878-9555A58B2E65}.Debug|x64.Deploy.0 = Debug|x64
		{8A0D0318-5875-4271-9878-9555A58B2E65}.Debug|x86.ActiveCfg = Debug|x86
		{8A0D0318-5875-4271-9878-9555A58B2E65}.Debug|x86.Build.0 = Debug|x86
		{8A0D0318-5875-4271-9878-9555A58B2E65}.Debug|x86.Deploy.0 = Debug|x86
		{8A0D0318-5875-4271-9878-9555A58B2E65}.Release|Any CPU.ActiveCfg = Release|x86
		{8A0D0318-5875-4271-9878-9555A58B2E65}.Release|ARM.ActiveCfg = Release|ARM
		{8A0D0318-5875-4271-9878-9555A58B2E65}.Release|ARM.Build.0 = Release|ARM
		{8A0D0318-5875-4271-9878-9555A58B2E65}.Release|ARM.Deploy.0 = Release|ARM
		{8A0D0318-5875-4271-9878-9555A58B2E65}.Release|iPhone.ActiveCfg = Release|x86
		{8A0D0318-5875-4271-9878-9555A58B2E65}.Release|iPhoneSimulator.ActiveCfg = Release|x86
		{8A0D0318-5875-4271-9878-9555A58B2E65}.Release|x64.ActiveCfg = Release|x64
		{8A0D0318-5875-4271-9878-9555A58B2E65}.Release|x64.Build.0 = Release|x64
		{8A0D0318-5875-4271-9878-9555A58B2E65}.Release|x64.Deploy.0 = Release|x64
		{8A0D0318-5875-4271-9878-9555A58B2E65}.Release|x86.ActiveCfg = Release|x86
		{8A0D0318-5875-4271-9878-9555A58B2E65}.Release|x86.Build.0 = Release|x86
		{8A0D0318-5875-4271-9878-9555A58B2E65}.Release|x86.Deploy.0 = Release|x86
		{C000B231-E9F6-4FB4-BF26-306437910307}.Ad-Hoc|Any CPU.ActiveCfg = Ad-Hoc|iPhone
		{C000B231-E9F6-4FB4-BF26-306437910307}.Ad-Hoc|ARM.ActiveCfg = Ad-Hoc|iPhone
		{C000B231-E9F6-4FB4-BF26-306437910307}.Ad-Hoc|iPhone.ActiveCfg = Ad-Hoc|iPhone
		{C000B231-E9F6-4FB4-BF26-306437910307}.Ad-Hoc|iPhone.Build.0 = Ad-Hoc|iPhone
		{C000B231-E9F6-4FB4-BF26-306437910307}.Ad-Hoc|iPhoneSimulator.ActiveCfg = Ad-Hoc|iPhoneSimulator
		{C000B231-E9F6-4FB4-BF26-306437910307}.Ad-Hoc|iPhoneSimulator.Build.0 = Ad-Hoc|iPhoneSimulator
		{C000B231-E9F6-4FB4-BF26-306437910307}.Ad-Hoc|x64.ActiveCfg = Ad-Hoc|iPhone
		{C000B231-E9F6-4FB4-BF26-306437910307}.Ad-Hoc|x86.ActiveCfg = Ad-Hoc|iPhone
		{C000B231-E9F6-4FB4-BF26-306437910307}.AppStore|Any CPU.ActiveCfg = AppStore|iPhone
		{C000B231-E9F6-4FB4-BF26-306437910307}.AppStore|ARM.ActiveCfg = AppStore|iPhone
		{C000B231-E9F6-4FB4-BF26-306437910307}.AppStore|iPhone.ActiveCfg = AppStore|iPhone
		{C000B231-E9F6-4FB4-BF26-306437910307}.AppStore|iPhone.Build.0 = AppStore|iPhone
		{C000B231-E9F6-4FB4-BF26-306437910307}.AppStore|iPhoneSimulator.ActiveCfg = AppStore|iPhoneSimulator
		{C000B231-E9F6-4FB4-BF26-306437910307}.AppStore|iPhoneSimulator.Build.0 = AppStore|iPhoneSimulator
		{C000B231-E9F6-4FB4-BF26-306437910307}.AppStore|x64.ActiveCfg = AppStore|iPhone
		{C000B231-E9F6-4FB4-BF26-306437910307}.AppStore|x86.ActiveCfg = AppStore|iPhone
		{C000B231-E9F6-4FB4-BF26-306437910307}.Debug|Any CPU.ActiveCfg = Debug|iPhone
		{C000B231-E9F6-4FB4-BF26-306437910307}.Debug|ARM.ActiveCfg = Debug|iPhone
		{C000B231-E9F6-4FB4-BF26-306437910307}.Debug|iPhone.ActiveCfg = Debug|iPhone
		{C000B231-E9F6-4FB4-BF26-306437910307}.Debug|iPhone.Build.0 = Debug|iPhone
		{C000B231-E9F6-4FB4-BF26-306437910307}.Debug|iPhoneSimulator.ActiveCfg = Debug|iPhoneSimulator
		{C000B231-E9F6-4FB4-BF26-306437910307}.Debug|iPhoneSimulator.Build.0 = Debug|iPhoneSimulator
		{C000B231-E9F6-4FB4-BF26-306437910307}.Debug|x64.ActiveCfg = Debug|iPhone
		{C000B231-E9F6-4FB4-BF26-306437910307}.Debug|x86.ActiveCfg = Debug|iPhone
		{C000B231-E9F6-4FB4-BF26-306437910307}.Release|Any CPU.ActiveCfg = Release|iPhone
		{C000B231-E9F6-4FB4-BF26-306437910307}.Release|ARM.ActiveCfg = Release|iPhone
		{C000B231-E9F6-4FB4-BF26-306437910307}.Release|iPhone.ActiveCfg = Release|iPhone
		{C000B231-E9F6-4FB4-BF26-306437910307}.Release|iPhone.Build.0 = Release|iPhone
		{C000B231-E9F6-4FB4-BF26-306437910307}.Release|iPhoneSimulator.ActiveCfg = Release|iPhoneSimulator
		{C000B231-E9F6-4FB4-BF26-306437910307}.Release|iPhoneSimulator.Build.0 = Release|iPhoneSimulator
		{C000B231-E9F6-4FB4-BF26-306437910307}.Release|x64.ActiveCfg = Release|iPhone
		{C000B231-E9F6-4FB4-BF26-306437910307}.Release|x86.ActiveCfg = Release|iPhone
		{86EC96D4-DAD2-4BF7-B124-F7A9701F5189}.Ad-Hoc|Any CPU.ActiveCfg = Release|Any CPU
		{86EC96D4-DAD2-4BF7-B124-F7A9701F5189}.Ad-Hoc|Any CPU.Build.0 = Release|Any CPU
		{86EC96D4-DAD2-4BF7-B124-F7A9701F5189}.Ad-Hoc|Any CPU.Deploy.0 = Release|Any CPU
		{86EC96D4-DAD2-4BF7-B124-F7A9701F5189}.Ad-Hoc|ARM.ActiveCfg = Release|ARM
		{86EC96D4-DAD2-4BF7-B124-F7A9701F5189}.Ad-Hoc|ARM.Build.0 = Release|ARM
		{86EC96D4-DAD2-4BF7-B124-F7A9701F5189}.Ad-Hoc|ARM.Deploy.0 = Release|ARM
		{86EC96D4-DAD2-4BF7-B124-F7A9701F5189}.Ad-Hoc|iPhone.ActiveCfg = Release|Any CPU
		{86EC96D4-DAD2-4BF7-B124-F7A9701F5189}.Ad-Hoc|iPhone.Build.0 = Release|Any CPU
		{86EC96D4-DAD2-4BF7-B124-F7A9701F5189}.Ad-Hoc|iPhone.Deploy.0 = Release|Any CPU
		{86EC96D4-DAD2-4BF7-B124-F7A9701F5189}.Ad-Hoc|iPhoneSimulator.ActiveCfg = Release|Any CPU
		{86EC96D4-DAD2-4BF7-B124-F7A9701F5189}.Ad-Hoc|iPhoneSimulator.Build.0 = Release|Any CPU
		{86EC96D4-DAD2-4BF7-B124-F7A9701F5189}.Ad-Hoc|iPhoneSimulator.Deploy.0 = Release|Any CPU
		{86EC96D4-DAD2-4BF7-B124-F7A9701F5189}.Ad-Hoc|x64.ActiveCfg = Release|x64
		{86EC96D4-DAD2-4BF7-B124-F7A9701F5189}.Ad-Hoc|x64.Build.0 = Release|x64
		{86EC96D4-DAD2-4BF7-B124-F7A9701F5189}.Ad-Hoc|x64.Deploy.0 = Release|x64
		{86EC96D4-DAD2-4BF7-B124-F7A9701F5189}.Ad-Hoc|x86.ActiveCfg = Release|x86
		{86EC96D4-DAD2-4BF7-B124-F7A9701F5189}.Ad-Hoc|x86.Build.0 = Release|x86
		{86EC96D4-DAD2-4BF7-B124-F7A9701F5189}.Ad-Hoc|x86.Deploy.0 = Release|x86
		{86EC96D4-DAD2-4BF7-B124-F7A9701F5189}.AppStore|Any CPU.ActiveCfg = Release|Any CPU
		{86EC96D4-DAD2-4BF7-B124-F7A9701F5189}.AppStore|Any CPU.Build.0 = Release|Any CPU
		{86EC96D4-DAD2-4BF7-B124-F7A9701F5189}.AppStore|Any CPU.Deploy.0 = Release|Any CPU
		{86EC96D4-DAD2-4BF7-B124-F7A9701F5189}.AppStore|ARM.ActiveCfg = Release|ARM
		{86EC96D4-DAD2-4BF7-B124-F7A9701F5189}.AppStore|ARM.Build.0 = Release|ARM
		{86EC96D4-DAD2-4BF7-B124-F7A9701F5189}.AppStore|ARM.Deploy.0 = Release|ARM
		{86EC96D4-DAD2-4BF7-B124-F7A9701F5189}.AppStore|iPhone.ActiveCfg = Release|Any CPU
		{86EC96D4-DAD2-4BF7-B124-F7A9701F5189}.AppStore|iPhone.Build.0 = Release|Any CPU
		{86EC96D4-DAD2-4BF7-B124-F7A9701F5189}.AppStore|iPhone.Deploy.0 = Release|Any CPU
		{86EC96D4-DAD2-4BF7-B124-F7A9701F5189}.AppStore|iPhoneSimulator.ActiveCfg = Release|Any CPU
		{86EC96D4-DAD2-4BF7-B124-F7A9701F5189}.AppStore|iPhoneSimulator.Build.0 = Release|Any CPU
		{86EC96D4-DAD2-4BF7-B124-F7A9701F5189}.AppStore|iPhoneSimulator.Deploy.0 = Release|Any CPU
		{86EC96D4-DAD2-4BF7-B124-F7A9701F5189}.AppStore|x64.ActiveCfg = Release|x64
		{86EC96D4-DAD2-4BF7-B124-F7A9701F5189}.AppStore|x64.Build.0 = Release|x64
		{86EC96D4-DAD2-4BF7-B124-F7A9701F5189}.AppStore|x64.Deploy.0 = Release|x64
		{86EC96D4-DAD2-4BF7-B124-F7A9701F5189}.AppStore|x86.ActiveCfg = Release|x86
		{86EC96D4-DAD2-4BF7-B124-F7A9701F5189}.AppStore|x86.Build.0 = Release|x86
		{86EC96D4-DAD2-4BF7-B124-F7A9701F5189}.AppStore|x86.Deploy.0 = Release|x86
		{86EC96D4-DAD2-4BF7-B124-F7A9701F5189}.Debug|Any CPU.ActiveCfg = Debug|Any CPU
		{86EC96D4-DAD2-4BF7-B124-F7A9701F5189}.Debug|Any CPU.Build.0 = Debug|Any CPU
		{86EC96D4-DAD2-4BF7-B124-F7A9701F5189}.Debug|Any CPU.Deploy.0 = Debug|Any CPU
		{86EC96D4-DAD2-4BF7-B124-F7A9701F5189}.Debug|ARM.ActiveCfg = Debug|ARM
		{86EC96D4-DAD2-4BF7-B124-F7A9701F5189}.Debug|ARM.Build.0 = Debug|ARM
		{86EC96D4-DAD2-4BF7-B124-F7A9701F5189}.Debug|ARM.Deploy.0 = Debug|ARM
		{86EC96D4-DAD2-4BF7-B124-F7A9701F5189}.Debug|iPhone.ActiveCfg = Debug|Any CPU
		{86EC96D4-DAD2-4BF7-B124-F7A9701F5189}.Debug|iPhone.Build.0 = Debug|Any CPU
		{86EC96D4-DAD2-4BF7-B124-F7A9701F5189}.Debug|iPhone.Deploy.0 = Debug|Any CPU
		{86EC96D4-DAD2-4BF7-B124-F7A9701F5189}.Debug|iPhoneSimulator.ActiveCfg = Debug|Any CPU
		{86EC96D4-DAD2-4BF7-B124-F7A9701F5189}.Debug|iPhoneSimulator.Build.0 = Debug|Any CPU
		{86EC96D4-DAD2-4BF7-B124-F7A9701F5189}.Debug|iPhoneSimulator.Deploy.0 = Debug|Any CPU
		{86EC96D4-DAD2-4BF7-B124-F7A9701F5189}.Debug|x64.ActiveCfg = Debug|x64
		{86EC96D4-DAD2-4BF7-B124-F7A9701F5189}.Debug|x64.Build.0 = Debug|x64
		{86EC96D4-DAD2-4BF7-B124-F7A9701F5189}.Debug|x64.Deploy.0 = Debug|x64
		{86EC96D4-DAD2-4BF7-B124-F7A9701F5189}.Debug|x86.ActiveCfg = Debug|x86
		{86EC96D4-DAD2-4BF7-B124-F7A9701F5189}.Debug|x86.Build.0 = Debug|x86
		{86EC96D4-DAD2-4BF7-B124-F7A9701F5189}.Debug|x86.Deploy.0 = Debug|x86
		{86EC96D4-DAD2-4BF7-B124-F7A9701F5189}.Release|Any CPU.ActiveCfg = Release|Any CPU
		{86EC96D4-DAD2-4BF7-B124-F7A9701F5189}.Release|Any CPU.Build.0 = Release|Any CPU
		{86EC96D4-DAD2-4BF7-B124-F7A9701F5189}.Release|Any CPU.Deploy.0 = Release|Any CPU
		{86EC96D4-DAD2-4BF7-B124-F7A9701F5189}.Release|ARM.ActiveCfg = Release|ARM
		{86EC96D4-DAD2-4BF7-B124-F7A9701F5189}.Release|ARM.Build.0 = Release|ARM
		{86EC96D4-DAD2-4BF7-B124-F7A9701F5189}.Release|ARM.Deploy.0 = Release|ARM
		{86EC96D4-DAD2-4BF7-B124-F7A9701F5189}.Release|iPhone.ActiveCfg = Release|Any CPU
		{86EC96D4-DAD2-4BF7-B124-F7A9701F5189}.Release|iPhone.Build.0 = Release|Any CPU
		{86EC96D4-DAD2-4BF7-B124-F7A9701F5189}.Release|iPhone.Deploy.0 = Release|Any CPU
		{86EC96D4-DAD2-4BF7-B124-F7A9701F5189}.Release|iPhoneSimulator.ActiveCfg = Release|Any CPU
		{86EC96D4-DAD2-4BF7-B124-F7A9701F5189}.Release|iPhoneSimulator.Build.0 = Release|Any CPU
		{86EC96D4-DAD2-4BF7-B124-F7A9701F5189}.Release|iPhoneSimulator.Deploy.0 = Release|Any CPU
		{86EC96D4-DAD2-4BF7-B124-F7A9701F5189}.Release|x64.ActiveCfg = Release|x64
		{86EC96D4-DAD2-4BF7-B124-F7A9701F5189}.Release|x64.Build.0 = Release|x64
		{86EC96D4-DAD2-4BF7-B124-F7A9701F5189}.Release|x64.Deploy.0 = Release|x64
		{86EC96D4-DAD2-4BF7-B124-F7A9701F5189}.Release|x86.ActiveCfg = Release|x86
		{86EC96D4-DAD2-4BF7-B124-F7A9701F5189}.Release|x86.Build.0 = Release|x86
		{86EC96D4-DAD2-4BF7-B124-F7A9701F5189}.Release|x86.Deploy.0 = Release|x86
	EndGlobalSection
	GlobalSection(SolutionProperties) = preSolution
		HideSolutionNode = FALSE
	EndGlobalSection
EndGlobal
